
Microsoft Visual Studio Solution File, Format Version 12.00
# Visual Studio Version 16
VisualStudioVersion = 16.0.30503.244
MinimumVisualStudioVersion = 10.0.40219.1
Project("{FAE04EC0-301F-11D3-BF4B-00C04F79EFBC}") = "Prac2", "Prac2.csproj", "{46F39EC2-00DA-4490-A026-828151E3B2C6}"
EndProject
Global
	GlobalSection(SolutionConfigurationPlatforms) = preSolution
		Debug|Any CPU = Debug|Any CPU
		Release|Any CPU = Release|Any CPU
	EndGlobalSection
	GlobalSection(ProjectConfigurationPlatforms) = postSolution
		{46F39EC2-00DA-4490-A026-828151E3B2C6}.Debug|Any CPU.ActiveCfg = Debug|Any CPU
		{46F39EC2-00DA-4490-A026-828151E3B2C6}.Debug|Any CPU.Build.0 = Debug|Any CPU
		{46F39EC2-00DA-4490-A026-828151E3B2C6}.Release|Any CPU.ActiveCfg = Release|Any CPU
		{46F39EC2-00DA-4490-A026-828151E3B2C6}.Release|Any CPU.Build.0 = Release|Any CPU
	EndGlobalSection
	GlobalSection(SolutionProperties) = preSolution
		HideSolutionNode = FALSE
	EndGlobalSection
	GlobalSection(ExtensibilityGlobals) = postSolution
		SolutionGuid = {AFFA0430-6595-4FA1-8F20-4CB0846D6E23}
	EndGlobalSection
EndGlobal
