
Microsoft Visual Studio Solution File, Format Version 12.00
# Visual Studio Version 16
VisualStudioVersion = 16.0.30503.244
MinimumVisualStudioVersion = 10.0.40219.1
Project("{FAE04EC0-301F-11D3-BF4B-00C04F79EFBC}") = "Prac5", "Prac5.csproj", "{13F22010-96F7-4948-94F7-6C56E00CB8A6}"
EndProject
Global
	GlobalSection(SolutionConfigurationPlatforms) = preSolution
		Debug|Any CPU = Debug|Any CPU
		Release|Any CPU = Release|Any CPU
	EndGlobalSection
	GlobalSection(ProjectConfigurationPlatforms) = postSolution
		{13F22010-96F7-4948-94F7-6C56E00CB8A6}.Debug|Any CPU.ActiveCfg = Debug|Any CPU
		{13F22010-96F7-4948-94F7-6C56E00CB8A6}.Debug|Any CPU.Build.0 = Debug|Any CPU
		{13F22010-96F7-4948-94F7-6C56E00CB8A6}.Release|Any CPU.ActiveCfg = Release|Any CPU
		{13F22010-96F7-4948-94F7-6C56E00CB8A6}.Release|Any CPU.Build.0 = Release|Any CPU
	EndGlobalSection
	GlobalSection(SolutionProperties) = preSolution
		HideSolutionNode = FALSE
	EndGlobalSection
	GlobalSection(ExtensibilityGlobals) = postSolution
		SolutionGuid = {51291B5E-5B62-4F89-A12A-3060F060F4E7}
	EndGlobalSection
EndGlobal
